
Microsoft Visual Studio Solution File, Format Version 12.00
# Visual Studio Version 17
VisualStudioVersion = 17.8.34525.116
MinimumVisualStudioVersion = 10.0.40219.1
Project("{9A19103F-16F7-4668-BE54-9A1E7A4F7556}") = "Call Detail Record Business Intelligence", "GiacomApp\Call Detail Record Business Intelligence.csproj", "{A8FF967A-E450-4FF9-AF69-BFE623C9C776}"
EndProject
Project("{FAE04EC0-301F-11D3-BF4B-00C04F79EFBC}") = "CDRBI.Tests", "CDRBI.Tests\CDRBI.Tests.csproj", "{26293B43-E117-4EA3-8F23-CB026E0B6AC9}"
EndProject
Global
	GlobalSection(SolutionConfigurationPlatforms) = preSolution
		Debug|Any CPU = Debug|Any CPU
		Release|Any CPU = Release|Any CPU
	EndGlobalSection
	GlobalSection(ProjectConfigurationPlatforms) = postSolution
		{A8FF967A-E450-4FF9-AF69-BFE623C9C776}.Debug|Any CPU.ActiveCfg = Debug|Any CPU
		{A8FF967A-E450-4FF9-AF69-BFE623C9C776}.Debug|Any CPU.Build.0 = Debug|Any CPU
		{A8FF967A-E450-4FF9-AF69-BFE623C9C776}.Release|Any CPU.ActiveCfg = Release|Any CPU
		{A8FF967A-E450-4FF9-AF69-BFE623C9C776}.Release|Any CPU.Build.0 = Release|Any CPU
		{26293B43-E117-4EA3-8F23-CB026E0B6AC9}.Debug|Any CPU.ActiveCfg = Debug|Any CPU
		{26293B43-E117-4EA3-8F23-CB026E0B6AC9}.Debug|Any CPU.Build.0 = Debug|Any CPU
		{26293B43-E117-4EA3-8F23-CB026E0B6AC9}.Release|Any CPU.ActiveCfg = Release|Any CPU
		{26293B43-E117-4EA3-8F23-CB026E0B6AC9}.Release|Any CPU.Build.0 = Release|Any CPU
	EndGlobalSection
	GlobalSection(SolutionProperties) = preSolution
		HideSolutionNode = FALSE
	EndGlobalSection
	GlobalSection(ExtensibilityGlobals) = postSolution
		SolutionGuid = {952D793E-2BE3-479D-8E81-36C87A866F14}
	EndGlobalSection
EndGlobal
